
Microsoft Visual Studio Solution File, Format Version 12.00
# Visual Studio Version 16
VisualStudioVersion = 16.0.29326.143
MinimumVisualStudioVersion = 10.0.40219.1
Project("{E24C65DC-7377-472B-9ABA-BC803B73C61A}") = "Assignment_LookAndFeel", ".", "{04A40518-7E0B-4A2D-9E86-4C04626A1BCB}"
	ProjectSection(WebsiteProperties) = preProject
		TargetFrameworkMoniker = ".NETFramework,Version%3Dv4.0"
		Debug.AspNetCompiler.VirtualPath = "/localhost_57318"
		Debug.AspNetCompiler.PhysicalPath = "..\Assignment_LookAndFeel\"
		Debug.AspNetCompiler.TargetPath = "PrecompiledWeb\localhost_57318\"
		Debug.AspNetCompiler.Updateable = "true"
		Debug.AspNetCompiler.ForceOverwrite = "true"
		Debug.AspNetCompiler.FixedNames = "false"
		Debug.AspNetCompiler.Debug = "True"
		Release.AspNetCompiler.VirtualPath = "/localhost_57318"
		Release.AspNetCompiler.PhysicalPath = "..\Assignment_LookAndFeel\"
		Release.AspNetCompiler.TargetPath = "PrecompiledWeb\localhost_57318\"
		Release.AspNetCompiler.Updateable = "true"
		Release.AspNetCompiler.ForceOverwrite = "true"
		Release.AspNetCompiler.FixedNames = "false"
		Release.AspNetCompiler.Debug = "False"
		VWDPort = "57318"
		SlnRelativePath = "..\Assignment_LookAndFeel\"
	EndProjectSection
EndProject
Global
	GlobalSection(SolutionConfigurationPlatforms) = preSolution
		Debug|Any CPU = Debug|Any CPU
	EndGlobalSection
	GlobalSection(ProjectConfigurationPlatforms) = postSolution
		{04A40518-7E0B-4A2D-9E86-4C04626A1BCB}.Debug|Any CPU.ActiveCfg = Debug|Any CPU
		{04A40518-7E0B-4A2D-9E86-4C04626A1BCB}.Debug|Any CPU.Build.0 = Debug|Any CPU
	EndGlobalSection
	GlobalSection(SolutionProperties) = preSolution
		HideSolutionNode = FALSE
	EndGlobalSection
	GlobalSection(ExtensibilityGlobals) = postSolution
		SolutionGuid = {C1BBE766-5EA6-4B3F-B015-703456287503}
	EndGlobalSection
EndGlobal
